// !$*UTF8*$!
{
	archiveVersion = 1;
	classes = {
	};
	objectVersion = 56;
	objects = {

/* Begin PBXBuildFile section */
		6D56874A2A54FD0400A08D08 /* ArticleCell.swift in Sources */ = {isa = PBXBuildFile; fileRef = 6D5687482A54FD0400A08D08 /* ArticleCell.swift */; };
		6D56874B2A54FD0400A08D08 /* ArticleCell.xib in Resources */ = {isa = PBXBuildFile; fileRef = 6D5687492A54FD0400A08D08 /* ArticleCell.xib */; };
		6D7298732A52AA89002A06AE /* AppDelegate.swift in Sources */ = {isa = PBXBuildFile; fileRef = 6D7298722A52AA89002A06AE /* AppDelegate.swift */; };
		6D7298752A52AA89002A06AE /* SceneDelegate.swift in Sources */ = {isa = PBXBuildFile; fileRef = 6D7298742A52AA89002A06AE /* SceneDelegate.swift */; };
		6D7298772A52AA89002A06AE /* ViewController.swift in Sources */ = {isa = PBXBuildFile; fileRef = 6D7298762A52AA89002A06AE /* ViewController.swift */; };
		6D72987A2A52AA89002A06AE /* Main.storyboard in Resources */ = {isa = PBXBuildFile; fileRef = 6D7298782A52AA89002A06AE /* Main.storyboard */; };
		6D72987C2A52AA8A002A06AE /* Assets.xcassets in Resources */ = {isa = PBXBuildFile; fileRef = 6D72987B2A52AA8A002A06AE /* Assets.xcassets */; };
		6D72987F2A52AA8A002A06AE /* LaunchScreen.storyboard in Resources */ = {isa = PBXBuildFile; fileRef = 6D72987D2A52AA8A002A06AE /* LaunchScreen.storyboard */; };
		6D9DE6A32A53FA54001A7315 /* ArticleViewController.swift in Sources */ = {isa = PBXBuildFile; fileRef = 6D9DE6A12A53FA54001A7315 /* ArticleViewController.swift */; };
		6D9DE6A42A53FA54001A7315 /* ArticleViewController.xib in Resources */ = {isa = PBXBuildFile; fileRef = 6D9DE6A22A53FA54001A7315 /* ArticleViewController.xib */; };
		6DA22D902A52AD1C00454712 /* Article.swift in Sources */ = {isa = PBXBuildFile; fileRef = 6DA22D8F2A52AD1C00454712 /* Article.swift */; };
		6DA22D922A52AD3100454712 /* Tags.swift in Sources */ = {isa = PBXBuildFile; fileRef = 6DA22D912A52AD3100454712 /* Tags.swift */; };
		6DA22D942A52AD4400454712 /* User.swift in Sources */ = {isa = PBXBuildFile; fileRef = 6DA22D932A52AD4400454712 /* User.swift */; };
		6DA22D972A52ADF400454712 /* RxCocoa in Frameworks */ = {isa = PBXBuildFile; productRef = 6DA22D962A52ADF400454712 /* RxCocoa */; };
		6DA22D992A52ADF400454712 /* RxSwift in Frameworks */ = {isa = PBXBuildFile; productRef = 6DA22D982A52ADF400454712 /* RxSwift */; };
		6DA22D9C2A52B18100454712 /* ArticleListViewModel.swift in Sources */ = {isa = PBXBuildFile; fileRef = 6DA22D9B2A52B18100454712 /* ArticleListViewModel.swift */; };
		6DA22D9E2A52B1CA00454712 /* APIManager.swift in Sources */ = {isa = PBXBuildFile; fileRef = 6DA22D9D2A52B1CA00454712 /* APIManager.swift */; };
		6DA22DA12A52B21E00454712 /* Alamofire in Frameworks */ = {isa = PBXBuildFile; productRef = 6DA22DA02A52B21E00454712 /* Alamofire */; };
/* End PBXBuildFile section */

/* Begin PBXFileReference section */
		6D5687482A54FD0400A08D08 /* ArticleCell.swift */ = {isa = PBXFileReference; lastKnownFileType = sourcecode.swift; path = ArticleCell.swift; sourceTree = "<group>"; };
		6D5687492A54FD0400A08D08 /* ArticleCell.xib */ = {isa = PBXFileReference; lastKnownFileType = file.xib; path = ArticleCell.xib; sourceTree = "<group>"; };
		6D72986F2A52AA89002A06AE /* ReadQiitaApp_iOS_RxSwift.app */ = {isa = PBXFileReference; explicitFileType = wrapper.application; includeInIndex = 0; path = ReadQiitaApp_iOS_RxSwift.app; sourceTree = BUILT_PRODUCTS_DIR; };
		6D7298722A52AA89002A06AE /* AppDelegate.swift */ = {isa = PBXFileReference; lastKnownFileType = sourcecode.swift; path = AppDelegate.swift; sourceTree = "<group>"; };
		6D7298742A52AA89002A06AE /* SceneDelegate.swift */ = {isa = PBXFileReference; lastKnownFileType = sourcecode.swift; path = SceneDelegate.swift; sourceTree = "<group>"; };
		6D7298762A52AA89002A06AE /* ViewController.swift */ = {isa = PBXFileReference; lastKnownFileType = sourcecode.swift; path = ViewController.swift; sourceTree = "<group>"; };
		6D7298792A52AA89002A06AE /* Base */ = {isa = PBXFileReference; lastKnownFileType = file.storyboard; name = Base; path = Base.lproj/Main.storyboard; sourceTree = "<group>"; };
		6D72987B2A52AA8A002A06AE /* Assets.xcassets */ = {isa = PBXFileReference; lastKnownFileType = folder.assetcatalog; path = Assets.xcassets; sourceTree = "<group>"; };
		6D72987E2A52AA8A002A06AE /* Base */ = {isa = PBXFileReference; lastKnownFileType = file.storyboard; name = Base; path = Base.lproj/LaunchScreen.storyboard; sourceTree = "<group>"; };
		6D7298802A52AA8A002A06AE /* Info.plist */ = {isa = PBXFileReference; lastKnownFileType = text.plist.xml; path = Info.plist; sourceTree = "<group>"; };
		6D9DE6A12A53FA54001A7315 /* ArticleViewController.swift */ = {isa = PBXFileReference; lastKnownFileType = sourcecode.swift; path = ArticleViewController.swift; sourceTree = "<group>"; };
		6D9DE6A22A53FA54001A7315 /* ArticleViewController.xib */ = {isa = PBXFileReference; lastKnownFileType = file.xib; path = ArticleViewController.xib; sourceTree = "<group>"; };
		6DA22D8F2A52AD1C00454712 /* Article.swift */ = {isa = PBXFileReference; lastKnownFileType = sourcecode.swift; path = Article.swift; sourceTree = "<group>"; };
		6DA22D912A52AD3100454712 /* Tags.swift */ = {isa = PBXFileReference; lastKnownFileType = sourcecode.swift; path = Tags.swift; sourceTree = "<group>"; };
		6DA22D932A52AD4400454712 /* User.swift */ = {isa = PBXFileReference; lastKnownFileType = sourcecode.swift; path = User.swift; sourceTree = "<group>"; };
		6DA22D9B2A52B18100454712 /* ArticleListViewModel.swift */ = {isa = PBXFileReference; lastKnownFileType = sourcecode.swift; path = ArticleListViewModel.swift; sourceTree = "<group>"; };
		6DA22D9D2A52B1CA00454712 /* APIManager.swift */ = {isa = PBXFileReference; lastKnownFileType = sourcecode.swift; path = APIManager.swift; sourceTree = "<group>"; };
/* End PBXFileReference section */

/* Begin PBXFrameworksBuildPhase section */
		6D72986C2A52AA89002A06AE /* Frameworks */ = {
			isa = PBXFrameworksBuildPhase;
			buildActionMask = 2147483647;
			files = (
				6DA22DA12A52B21E00454712 /* Alamofire in Frameworks */,
				6DA22D992A52ADF400454712 /* RxSwift in Frameworks */,
				6DA22D972A52ADF400454712 /* RxCocoa in Frameworks */,
			);
			runOnlyForDeploymentPostprocessing = 0;
		};
/* End PBXFrameworksBuildPhase section */

/* Begin PBXGroup section */
		6D7298662A52AA89002A06AE = {
			isa = PBXGroup;
			children = (
				6D7298712A52AA89002A06AE /* ReadQiitaApp_iOS_RxSwift */,
				6D7298702A52AA89002A06AE /* Products */,
			);
			sourceTree = "<group>";
		};
		6D7298702A52AA89002A06AE /* Products */ = {
			isa = PBXGroup;
			children = (
				6D72986F2A52AA89002A06AE /* ReadQiitaApp_iOS_RxSwift.app */,
			);
			name = Products;
			sourceTree = "<group>";
		};
		6D7298712A52AA89002A06AE /* ReadQiitaApp_iOS_RxSwift */ = {
			isa = PBXGroup;
			children = (
				6D7298722A52AA89002A06AE /* AppDelegate.swift */,
				6D7298742A52AA89002A06AE /* SceneDelegate.swift */,
				6DA22D9A2A52AE6E00454712 /* Model */,
				6D7298762A52AA89002A06AE /* ViewController.swift */,
				6D9DE6A12A53FA54001A7315 /* ArticleViewController.swift */,
				6D5687482A54FD0400A08D08 /* ArticleCell.swift */,
				6D5687492A54FD0400A08D08 /* ArticleCell.xib */,
				6D9DE6A22A53FA54001A7315 /* ArticleViewController.xib */,
				6DA22D9B2A52B18100454712 /* ArticleListViewModel.swift */,
				6DA22D9D2A52B1CA00454712 /* APIManager.swift */,
				6D7298782A52AA89002A06AE /* Main.storyboard */,
				6D72987B2A52AA8A002A06AE /* Assets.xcassets */,
				6D72987D2A52AA8A002A06AE /* LaunchScreen.storyboard */,
				6D7298802A52AA8A002A06AE /* Info.plist */,
			);
			path = ReadQiitaApp_iOS_RxSwift;
			sourceTree = "<group>";
		};
		6DA22D9A2A52AE6E00454712 /* Model */ = {
			isa = PBXGroup;
			children = (
				6DA22D8F2A52AD1C00454712 /* Article.swift */,
				6DA22D912A52AD3100454712 /* Tags.swift */,
				6DA22D932A52AD4400454712 /* User.swift */,
			);
			path = Model;
			sourceTree = "<group>";
		};
/* End PBXGroup section */

/* Begin PBXNativeTarget section */
		6D72986E2A52AA89002A06AE /* ReadQiitaApp_iOS_RxSwift */ = {
			isa = PBXNativeTarget;
			buildConfigurationList = 6D7298832A52AA8A002A06AE /* Build configuration list for PBXNativeTarget "ReadQiitaApp_iOS_RxSwift" */;
			buildPhases = (
				6D72986B2A52AA89002A06AE /* Sources */,
				6D72986C2A52AA89002A06AE /* Frameworks */,
				6D72986D2A52AA89002A06AE /* Resources */,
			);
			buildRules = (
			);
			dependencies = (
			);
			name = ReadQiitaApp_iOS_RxSwift;
			packageProductDependencies = (
				6DA22D962A52ADF400454712 /* RxCocoa */,
				6DA22D982A52ADF400454712 /* RxSwift */,
				6DA22DA02A52B21E00454712 /* Alamofire */,
			);
			productName = ReadQiitaApp_iOS_RxSwift;
			productReference = 6D72986F2A52AA89002A06AE /* ReadQiitaApp_iOS_RxSwift.app */;
			productType = "com.apple.product-type.application";
		};
/* End PBXNativeTarget section */

/* Begin PBXProject section */
		6D7298672A52AA89002A06AE /* Project object */ = {
			isa = PBXProject;
			attributes = {
				BuildIndependentTargetsInParallel = 1;
				LastSwiftUpdateCheck = 1430;
				LastUpgradeCheck = 1430;
				TargetAttributes = {
					6D72986E2A52AA89002A06AE = {
						CreatedOnToolsVersion = 14.3.1;
					};
				};
			};
			buildConfigurationList = 6D72986A2A52AA89002A06AE /* Build configuration list for PBXProject "ReadQiitaApp_iOS_RxSwift" */;
			compatibilityVersion = "Xcode 14.0";
			developmentRegion = en;
			hasScannedForEncodings = 0;
			knownRegions = (
				en,
				Base,
			);
			mainGroup = 6D7298662A52AA89002A06AE;
			packageReferences = (
				6DA22D952A52ADF400454712 /* XCRemoteSwiftPackageReference "RxSwift" */,
				6DA22D9F2A52B21E00454712 /* XCRemoteSwiftPackageReference "Alamofire" */,
			);
			productRefGroup = 6D7298702A52AA89002A06AE /* Products */;
			projectDirPath = "";
			projectRoot = "";
			targets = (
				6D72986E2A52AA89002A06AE /* ReadQiitaApp_iOS_RxSwift */,
			);
		};
/* End PBXProject section */

/* Begin PBXResourcesBuildPhase section */
		6D72986D2A52AA89002A06AE /* Resources */ = {
			isa = PBXResourcesBuildPhase;
			buildActionMask = 2147483647;
			files = (
				6D72987F2A52AA8A002A06AE /* LaunchScreen.storyboard in Resources */,
				6D9DE6A42A53FA54001A7315 /* ArticleViewController.xib in Resources */,
				6D72987C2A52AA8A002A06AE /* Assets.xcassets in Resources */,
				6D56874B2A54FD0400A08D08 /* ArticleCell.xib in Resources */,
				6D72987A2A52AA89002A06AE /* Main.storyboard in Resources */,
			);
			runOnlyForDeploymentPostprocessing = 0;
		};
/* End PBXResourcesBuildPhase section */

/* Begin PBXSourcesBuildPhase section */
		6D72986B2A52AA89002A06AE /* Sources */ = {
			isa = PBXSourcesBuildPhase;
			buildActionMask = 2147483647;
			files = (
				6DA22D9E2A52B1CA00454712 /* APIManager.swift in Sources */,
				6DA22D902A52AD1C00454712 /* Article.swift in Sources */,
				6D7298772A52AA89002A06AE /* ViewController.swift in Sources */,
				6DA22D942A52AD4400454712 /* User.swift in Sources */,
				6D9DE6A32A53FA54001A7315 /* ArticleViewController.swift in Sources */,
				6D7298732A52AA89002A06AE /* AppDelegate.swift in Sources */,
				6DA22D922A52AD3100454712 /* Tags.swift in Sources */,
				6D7298752A52AA89002A06AE /* SceneDelegate.swift in Sources */,
				6D56874A2A54FD0400A08D08 /* ArticleCell.swift in Sources */,
				6DA22D9C2A52B18100454712 /* ArticleListViewModel.swift in Sources */,
			);
			runOnlyForDeploymentPostprocessing = 0;
		};
/* End PBXSourcesBuildPhase section */

/* Begin PBXVariantGroup section */
		6D7298782A52AA89002A06AE /* Main.storyboard */ = {
			isa = PBXVariantGroup;
			children = (
				6D7298792A52AA89002A06AE /* Base */,
			);
			name = Main.storyboard;
			sourceTree = "<group>";
		};
		6D72987D2A52AA8A002A06AE /* LaunchScreen.storyboard */ = {
			isa = PBXVariantGroup;
			children = (
				6D72987E2A52AA8A002A06AE /* Base */,
			);
			name = LaunchScreen.storyboard;
			sourceTree = "<group>";
		};
/* End PBXVariantGroup section */

/* Begin XCBuildConfiguration section */
		6D7298812A52AA8A002A06AE /* Debug */ = {
			isa = XCBuildConfiguration;
			buildSettings = {
				ALWAYS_SEARCH_USER_PATHS = NO;
				CLANG_ANALYZER_NONNULL = YES;
				CLANG_ANALYZER_NUMBER_OBJECT_CONVERSION = YES_AGGRESSIVE;
				CLANG_CXX_LANGUAGE_STANDARD = "gnu++20";
				CLANG_ENABLE_MODULES = YES;
				CLANG_ENABLE_OBJC_ARC = YES;
				CLANG_ENABLE_OBJC_WEAK = YES;
				CLANG_WARN_BLOCK_CAPTURE_AUTORELEASING = YES;
				CLANG_WARN_BOOL_CONVERSION = YES;
				CLANG_WARN_COMMA = YES;
				CLANG_WARN_CONSTANT_CONVERSION = YES;
				CLANG_WARN_DEPRECATED_OBJC_IMPLEMENTATIONS = YES;
				CLANG_WARN_DIRECT_OBJC_ISA_USAGE = YES_ERROR;
				CLANG_WARN_DOCUMENTATION_COMMENTS = YES;
				CLANG_WARN_EMPTY_BODY = YES;
				CLANG_WARN_ENUM_CONVERSION = YES;
				CLANG_WARN_INFINITE_RECURSION = YES;
				CLANG_WARN_INT_CONVERSION = YES;
				CLANG_WARN_NON_LITERAL_NULL_CONVERSION = YES;
				CLANG_WARN_OBJC_IMPLICIT_RETAIN_SELF = YES;
				CLANG_WARN_OBJC_LITERAL_CONVERSION = YES;
				CLANG_WARN_OBJC_ROOT_CLASS = YES_ERROR;
				CLANG_WARN_QUOTED_INCLUDE_IN_FRAMEWORK_HEADER = YES;
				CLANG_WARN_RANGE_LOOP_ANALYSIS = YES;
				CLANG_WARN_STRICT_PROTOTYPES = YES;
				CLANG_WARN_SUSPICIOUS_MOVE = YES;
				CLANG_WARN_UNGUARDED_AVAILABILITY = YES_AGGRESSIVE;
				CLANG_WARN_UNREACHABLE_CODE = YES;
				CLANG_WARN__DUPLICATE_METHOD_MATCH = YES;
				COPY_PHASE_STRIP = NO;
				DEBUG_INFORMATION_FORMAT = dwarf;
				ENABLE_STRICT_OBJC_MSGSEND = YES;
				ENABLE_TESTABILITY = YES;
				GCC_C_LANGUAGE_STANDARD = gnu11;
				GCC_DYNAMIC_NO_PIC = NO;
				GCC_NO_COMMON_BLOCKS = YES;
				GCC_OPTIMIZATION_LEVEL = 0;
				GCC_PREPROCESSOR_DEFINITIONS = (
					"DEBUG=1",
					"$(inherited)",
				);
				GCC_WARN_64_TO_32_BIT_CONVERSION = YES;
				GCC_WARN_ABOUT_RETURN_TYPE = YES_ERROR;
				GCC_WARN_UNDECLARED_SELECTOR = YES;
				GCC_WARN_UNINITIALIZED_AUTOS = YES_AGGRESSIVE;
				GCC_WARN_UNUSED_FUNCTION = YES;
				GCC_WARN_UNUSED_VARIABLE = YES;
				IPHONEOS_DEPLOYMENT_TARGET = 16.4;
				MTL_ENABLE_DEBUG_INFO = INCLUDE_SOURCE;
				MTL_FAST_MATH = YES;
				ONLY_ACTIVE_ARCH = YES;
				SDKROOT = iphoneos;
				SWIFT_ACTIVE_COMPILATION_CONDITIONS = DEBUG;
				SWIFT_OPTIMIZATION_LEVEL = "-Onone";
			};
			name = Debug;
		};
		6D7298822A52AA8A002A06AE /* Release */ = {
			isa = XCBuildConfiguration;
			buildSettings = {
				ALWAYS_SEARCH_USER_PATHS = NO;
				CLANG_ANALYZER_NONNULL = YES;
				CLANG_ANALYZER_NUMBER_OBJECT_CONVERSION = YES_AGGRESSIVE;
				CLANG_CXX_LANGUAGE_STANDARD = "gnu++20";
				CLANG_ENABLE_MODULES = YES;
				CLANG_ENABLE_OBJC_ARC = YES;
				CLANG_ENABLE_OBJC_WEAK = YES;
				CLANG_WARN_BLOCK_CAPTURE_AUTORELEASING = YES;
				CLANG_WARN_BOOL_CONVERSION = YES;
				CLANG_WARN_COMMA = YES;
				CLANG_WARN_CONSTANT_CONVERSION = YES;
				CLANG_WARN_DEPRECATED_OBJC_IMPLEMENTATIONS = YES;
				CLANG_WARN_DIRECT_OBJC_ISA_USAGE = YES_ERROR;
				CLANG_WARN_DOCUMENTATION_COMMENTS = YES;
				CLANG_WARN_EMPTY_BODY = YES;
				CLANG_WARN_ENUM_CONVERSION = YES;
				CLANG_WARN_INFINITE_RECURSION = YES;
				CLANG_WARN_INT_CONVERSION = YES;
				CLANG_WARN_NON_LITERAL_NULL_CONVERSION = YES;
				CLANG_WARN_OBJC_IMPLICIT_RETAIN_SELF = YES;
				CLANG_WARN_OBJC_LITERAL_CONVERSION = YES;
				CLANG_WARN_OBJC_ROOT_CLASS = YES_ERROR;
				CLANG_WARN_QUOTED_INCLUDE_IN_FRAMEWORK_HEADER = YES;
				CLANG_WARN_RANGE_LOOP_ANALYSIS = YES;
				CLANG_WARN_STRICT_PROTOTYPES = YES;
				CLANG_WARN_SUSPICIOUS_MOVE = YES;
				CLANG_WARN_UNGUARDED_AVAILABILITY = YES_AGGRESSIVE;
				CLANG_WARN_UNREACHABLE_CODE = YES;
				CLANG_WARN__DUPLICATE_METHOD_MATCH = YES;
				COPY_PHASE_STRIP = NO;
				DEBUG_INFORMATION_FORMAT = "dwarf-with-dsym";
				ENABLE_NS_ASSERTIONS = NO;
				ENABLE_STRICT_OBJC_MSGSEND = YES;
				GCC_C_LANGUAGE_STANDARD = gnu11;
				GCC_NO_COMMON_BLOCKS = YES;
				GCC_WARN_64_TO_32_BIT_CONVERSION = YES;
				GCC_WARN_ABOUT_RETURN_TYPE = YES_ERROR;
				GCC_WARN_UNDECLARED_SELECTOR = YES;
				GCC_WARN_UNINITIALIZED_AUTOS = YES_AGGRESSIVE;
				GCC_WARN_UNUSED_FUNCTION = YES;
				GCC_WARN_UNUSED_VARIABLE = YES;
				IPHONEOS_DEPLOYMENT_TARGET = 16.4;
				MTL_ENABLE_DEBUG_INFO = NO;
				MTL_FAST_MATH = YES;
				SDKROOT = iphoneos;
				SWIFT_COMPILATION_MODE = wholemodule;
				SWIFT_OPTIMIZATION_LEVEL = "-O";
				VALIDATE_PRODUCT = YES;
			};
			name = Release;
		};
		6D7298842A52AA8A002A06AE /* Debug */ = {
			isa = XCBuildConfiguration;
			buildSettings = {
				ASSETCATALOG_COMPILER_APPICON_NAME = AppIcon;
				ASSETCATALOG_COMPILER_GLOBAL_ACCENT_COLOR_NAME = AccentColor;
				CODE_SIGN_STYLE = Automatic;
				CURRENT_PROJECT_VERSION = 1;
				DEVELOPMENT_TEAM = 7RPFL7EXKD;
				GENERATE_INFOPLIST_FILE = YES;
				INFOPLIST_FILE = ReadQiitaApp_iOS_RxSwift/Info.plist;
				INFOPLIST_KEY_UIApplicationSupportsIndirectInputEvents = YES;
				INFOPLIST_KEY_UILaunchStoryboardName = LaunchScreen;
				INFOPLIST_KEY_UIMainStoryboardFile = Main;
				INFOPLIST_KEY_UISupportedInterfaceOrientations = UIInterfaceOrientationPortrait;
				IPHONEOS_DEPLOYMENT_TARGET = 15.0;
				LD_RUNPATH_SEARCH_PATHS = (
					"$(inherited)",
					"@executable_path/Frameworks",
				);
				MARKETING_VERSION = 1.0;
				PRODUCT_BUNDLE_IDENTIFIER = "masaharu.dobashi.ReadQiitaApp-iOS-RxSwift";
				PRODUCT_NAME = "$(TARGET_NAME)";
				SWIFT_EMIT_LOC_STRINGS = YES;
				SWIFT_VERSION = 5.0;
				TARGETED_DEVICE_FAMILY = "1,2";
			};
			name = Debug;
		};
		6D7298852A52AA8A002A06AE /* Release */ = {
			isa = XCBuildConfiguration;
			buildSettings = {
				ASSETCATALOG_COMPILER_APPICON_NAME = AppIcon;
				ASSETCATALOG_COMPILER_GLOBAL_ACCENT_COLOR_NAME = AccentColor;
				CODE_SIGN_STYLE = Automatic;
				CURRENT_PROJECT_VERSION = 1;
				DEVELOPMENT_TEAM = 7RPFL7EXKD;
				GENERATE_INFOPLIST_FILE = YES;
				INFOPLIST_FILE = ReadQiitaApp_iOS_RxSwift/Info.plist;
				INFOPLIST_KEY_UIApplicationSupportsIndirectInputEvents = YES;
				INFOPLIST_KEY_UILaunchStoryboardName = LaunchScreen;
				INFOPLIST_KEY_UIMainStoryboardFile = Main;
				INFOPLIST_KEY_UISupportedInterfaceOrientations = UIInterfaceOrientationPortrait;
				IPHONEOS_DEPLOYMENT_TARGET = 15.0;
				LD_RUNPATH_SEARCH_PATHS = (
					"$(inherited)",
					"@executable_path/Frameworks",
				);
				MARKETING_VERSION = 1.0;
				PRODUCT_BUNDLE_IDENTIFIER = "masaharu.dobashi.ReadQiitaApp-iOS-RxSwift";
				PRODUCT_NAME = "$(TARGET_NAME)";
				SWIFT_EMIT_LOC_STRINGS = YES;
				SWIFT_VERSION = 5.0;
				TARGETED_DEVICE_FAMILY = "1,2";
			};
			name = Release;
		};
/* End XCBuildConfiguration section */

/* Begin XCConfigurationList section */
		6D72986A2A52AA89002A06AE /* Build configuration list for PBXProject "ReadQiitaApp_iOS_RxSwift" */ = {
			isa = XCConfigurationList;
			buildConfigurations = (
				6D7298812A52AA8A002A06AE /* Debug */,
				6D7298822A52AA8A002A06AE /* Release */,
			);
			defaultConfigurationIsVisible = 0;
			defaultConfigurationName = Release;
		};
		6D7298832A52AA8A002A06AE /* Build configuration list for PBXNativeTarget "ReadQiitaApp_iOS_RxSwift" */ = {
			isa = XCConfigurationList;
			buildConfigurations = (
				6D7298842A52AA8A002A06AE /* Debug */,
				6D7298852A52AA8A002A06AE /* Release */,
			);
			defaultConfigurationIsVisible = 0;
			defaultConfigurationName = Release;
		};
/* End XCConfigurationList section */

/* Begin XCRemoteSwiftPackageReference section */
		6DA22D952A52ADF400454712 /* XCRemoteSwiftPackageReference "RxSwift" */ = {
			isa = XCRemoteSwiftPackageReference;
			repositoryURL = "https://github.com/ReactiveX/RxSwift";
			requirement = {
				kind = exactVersion;
				version = 6.6.0;
			};
		};
		6DA22D9F2A52B21E00454712 /* XCRemoteSwiftPackageReference "Alamofire" */ = {
			isa = XCRemoteSwiftPackageReference;
			repositoryURL = "https://github.com/Alamofire/Alamofire";
			requirement = {
				kind = exactVersion;
				version = 5.7.1;
			};
		};
/* End XCRemoteSwiftPackageReference section */

/* Begin XCSwiftPackageProductDependency section */
		6DA22D962A52ADF400454712 /* RxCocoa */ = {
			isa = XCSwiftPackageProductDependency;
			package = 6DA22D952A52ADF400454712 /* XCRemoteSwiftPackageReference "RxSwift" */;
			productName = RxCocoa;
		};
		6DA22D982A52ADF400454712 /* RxSwift */ = {
			isa = XCSwiftPackageProductDependency;
			package = 6DA22D952A52ADF400454712 /* XCRemoteSwiftPackageReference "RxSwift" */;
			productName = RxSwift;
		};
		6DA22DA02A52B21E00454712 /* Alamofire */ = {
			isa = XCSwiftPackageProductDependency;
			package = 6DA22D9F2A52B21E00454712 /* XCRemoteSwiftPackageReference "Alamofire" */;
			productName = Alamofire;
		};
/* End XCSwiftPackageProductDependency section */
	};
	rootObject = 6D7298672A52AA89002A06AE /* Project object */;
}
